// !$*UTF8*$!
{
	archiveVersion = 1;
	classes = {
	};
	objectVersion = 46;
	objects = {

/* Begin PBXBuildFile section */
		1D5D0FB11E92577D00B2DA32 /* PlayerToolbar.xib in Resources */ = {isa = PBXBuildFile; fileRef = 1D5D0FB01E92577D00B2DA32 /* PlayerToolbar.xib */; };
		1D5D0FB31E92658F00B2DA32 /* PlayerToolbar.swift in Sources */ = {isa = PBXBuildFile; fileRef = 1D5D0FB21E92658F00B2DA32 /* PlayerToolbar.swift */; };
		8EFB841893B96DEB668533A6 /* Pods_PodcastPlayer.framework in Frameworks */ = {isa = PBXBuildFile; fileRef = 00DFC7CB9287ED36916B2FB6 /* Pods_PodcastPlayer.framework */; };
		C204DC4B1E921B9500972FDA /* AppDelegate.swift in Sources */ = {isa = PBXBuildFile; fileRef = C204DC4A1E921B9500972FDA /* AppDelegate.swift */; };
		C204DC4D1E921B9500972FDA /* ViewController.swift in Sources */ = {isa = PBXBuildFile; fileRef = C204DC4C1E921B9500972FDA /* ViewController.swift */; };
		C204DC501E921B9500972FDA /* Main.storyboard in Resources */ = {isa = PBXBuildFile; fileRef = C204DC4E1E921B9500972FDA /* Main.storyboard */; };
		C204DC531E921B9500972FDA /* PodcastPlayer.xcdatamodeld in Sources */ = {isa = PBXBuildFile; fileRef = C204DC511E921B9500972FDA /* PodcastPlayer.xcdatamodeld */; };
		C204DC551E921B9500972FDA /* Assets.xcassets in Resources */ = {isa = PBXBuildFile; fileRef = C204DC541E921B9500972FDA /* Assets.xcassets */; };
		C204DC581E921B9500972FDA /* LaunchScreen.storyboard in Resources */ = {isa = PBXBuildFile; fileRef = C204DC561E921B9500972FDA /* LaunchScreen.storyboard */; };
		C204DC601E921CA000972FDA /* PlayerManager.swift in Sources */ = {isa = PBXBuildFile; fileRef = C204DC5F1E921CA000972FDA /* PlayerManager.swift */; };
		C204DC621E922C8E00972FDA /* QTGlobalInstance.swift in Sources */ = {isa = PBXBuildFile; fileRef = C204DC611E922C8E00972FDA /* QTGlobalInstance.swift */; };
		C204DC691E92409B00972FDA /* PodcastPlayerViewController.swift in Sources */ = {isa = PBXBuildFile; fileRef = C204DC671E92409B00972FDA /* PodcastPlayerViewController.swift */; };
		C204DC6A1E92409B00972FDA /* PodcastPlayerViewController.xib in Resources */ = {isa = PBXBuildFile; fileRef = C204DC681E92409B00972FDA /* PodcastPlayerViewController.xib */; };
		C21C75631E94E7A900F1205C /* TrackDiffableExtension.swift in Sources */ = {isa = PBXBuildFile; fileRef = C21C75621E94E7A900F1205C /* TrackDiffableExtension.swift */; };
		C21C75651E94E94200F1205C /* TrackWrapper.swift in Sources */ = {isa = PBXBuildFile; fileRef = C21C75641E94E94200F1205C /* TrackWrapper.swift */; };
		C21C75671E94F60900F1205C /* TracksSectionController.swift in Sources */ = {isa = PBXBuildFile; fileRef = C21C75661E94F60900F1205C /* TracksSectionController.swift */; };
		C21C756A1E94FE0500F1205C /* TrackCell.swift in Sources */ = {isa = PBXBuildFile; fileRef = C21C75681E94FE0400F1205C /* TrackCell.swift */; };
		C21C756B1E94FE0500F1205C /* TrackCell.xib in Resources */ = {isa = PBXBuildFile; fileRef = C21C75691E94FE0400F1205C /* TrackCell.xib */; };
		C21C756D1E9546A600F1205C /* PlayerUtils.swift in Sources */ = {isa = PBXBuildFile; fileRef = C21C756C1E9546A600F1205C /* PlayerUtils.swift */; };
		C258E1D61E93608F00F5A22A /* BaseViewController.swift in Sources */ = {isa = PBXBuildFile; fileRef = C258E1D51E93608F00F5A22A /* BaseViewController.swift */; };
		C267FCF01E9CC04D000F5C8B /* MiniToMusicAnimator.swift in Sources */ = {isa = PBXBuildFile; fileRef = C267FCEF1E9CC04D000F5C8B /* MiniToMusicAnimator.swift */; };
		C267FCF31E9CE0B0000F5C8B /* NextControllerViewController.swift in Sources */ = {isa = PBXBuildFile; fileRef = C267FCF11E9CE0B0000F5C8B /* NextControllerViewController.swift */; };
		C267FCF41E9CE0B1000F5C8B /* NextControllerViewController.xib in Resources */ = {isa = PBXBuildFile; fileRef = C267FCF21E9CE0B0000F5C8B /* NextControllerViewController.xib */; };
		C267FCF61E9CED18000F5C8B /* MiniToMusicInteractor.swift in Sources */ = {isa = PBXBuildFile; fileRef = C267FCF51E9CED18000F5C8B /* MiniToMusicInteractor.swift */; };
		C29317AF1E97A8C000EC03D4 /* MulticastDelegate.swift in Sources */ = {isa = PBXBuildFile; fileRef = C29317AE1E97A8C000EC03D4 /* MulticastDelegate.swift */; };
		C2AF50461E92D26F0096DEAD /* PlayerControlsView.xib in Resources */ = {isa = PBXBuildFile; fileRef = C2AF50451E92D26F0096DEAD /* PlayerControlsView.xib */; };
		C2AF50481E92E5720096DEAD /* PlayerControlsView.swift in Sources */ = {isa = PBXBuildFile; fileRef = C2AF50471E92E5720096DEAD /* PlayerControlsView.swift */; };
		C2CB991A1E9B601A0006E7B2 /* BaseAnimator.swift in Sources */ = {isa = PBXBuildFile; fileRef = C2CB99191E9B601A0006E7B2 /* BaseAnimator.swift */; };
		C2D43DC31E97725500C161D1 /* MusicLayerController.swift in Sources */ = {isa = PBXBuildFile; fileRef = C2D43DC11E97725500C161D1 /* MusicLayerController.swift */; };
		C2D43DC41E97725500C161D1 /* MusicLayerController.xib in Resources */ = {isa = PBXBuildFile; fileRef = C2D43DC21E97725500C161D1 /* MusicLayerController.xib */; };
/* End PBXBuildFile section */

/* Begin PBXFileReference section */
		00DFC7CB9287ED36916B2FB6 /* Pods_PodcastPlayer.framework */ = {isa = PBXFileReference; explicitFileType = wrapper.framework; includeInIndex = 0; path = Pods_PodcastPlayer.framework; sourceTree = BUILT_PRODUCTS_DIR; };
		1D5D0FB01E92577D00B2DA32 /* PlayerToolbar.xib */ = {isa = PBXFileReference; fileEncoding = 4; lastKnownFileType = file.xib; path = PlayerToolbar.xib; sourceTree = "<group>"; };
		1D5D0FB21E92658F00B2DA32 /* PlayerToolbar.swift */ = {isa = PBXFileReference; fileEncoding = 4; lastKnownFileType = sourcecode.swift; path = PlayerToolbar.swift; sourceTree = "<group>"; };
		C204DC471E921B9500972FDA /* PodcastPlayer.app */ = {isa = PBXFileReference; explicitFileType = wrapper.application; includeInIndex = 0; path = PodcastPlayer.app; sourceTree = BUILT_PRODUCTS_DIR; };
		C204DC4A1E921B9500972FDA /* AppDelegate.swift */ = {isa = PBXFileReference; lastKnownFileType = sourcecode.swift; path = AppDelegate.swift; sourceTree = "<group>"; };
		C204DC4C1E921B9500972FDA /* ViewController.swift */ = {isa = PBXFileReference; lastKnownFileType = sourcecode.swift; path = ViewController.swift; sourceTree = "<group>"; };
		C204DC4F1E921B9500972FDA /* Base */ = {isa = PBXFileReference; lastKnownFileType = file.storyboard; name = Base; path = Base.lproj/Main.storyboard; sourceTree = "<group>"; };
		C204DC521E921B9500972FDA /* PodcastPlayer.xcdatamodel */ = {isa = PBXFileReference; lastKnownFileType = wrapper.xcdatamodel; path = PodcastPlayer.xcdatamodel; sourceTree = "<group>"; };
		C204DC541E921B9500972FDA /* Assets.xcassets */ = {isa = PBXFileReference; lastKnownFileType = folder.assetcatalog; path = Assets.xcassets; sourceTree = "<group>"; };
		C204DC571E921B9500972FDA /* Base */ = {isa = PBXFileReference; lastKnownFileType = file.storyboard; name = Base; path = Base.lproj/LaunchScreen.storyboard; sourceTree = "<group>"; };
		C204DC591E921B9500972FDA /* Info.plist */ = {isa = PBXFileReference; lastKnownFileType = text.plist.xml; path = Info.plist; sourceTree = "<group>"; };
		C204DC5F1E921CA000972FDA /* PlayerManager.swift */ = {isa = PBXFileReference; fileEncoding = 4; lastKnownFileType = sourcecode.swift; path = PlayerManager.swift; sourceTree = "<group>"; };
		C204DC611E922C8E00972FDA /* QTGlobalInstance.swift */ = {isa = PBXFileReference; fileEncoding = 4; lastKnownFileType = sourcecode.swift; path = QTGlobalInstance.swift; sourceTree = "<group>"; };
		C204DC671E92409B00972FDA /* PodcastPlayerViewController.swift */ = {isa = PBXFileReference; fileEncoding = 4; lastKnownFileType = sourcecode.swift; path = PodcastPlayerViewController.swift; sourceTree = "<group>"; };
		C204DC681E92409B00972FDA /* PodcastPlayerViewController.xib */ = {isa = PBXFileReference; fileEncoding = 4; lastKnownFileType = file.xib; path = PodcastPlayerViewController.xib; sourceTree = "<group>"; };
		C21C75621E94E7A900F1205C /* TrackDiffableExtension.swift */ = {isa = PBXFileReference; fileEncoding = 4; lastKnownFileType = sourcecode.swift; path = TrackDiffableExtension.swift; sourceTree = "<group>"; };
		C21C75641E94E94200F1205C /* TrackWrapper.swift */ = {isa = PBXFileReference; fileEncoding = 4; lastKnownFileType = sourcecode.swift; path = TrackWrapper.swift; sourceTree = "<group>"; };
		C21C75661E94F60900F1205C /* TracksSectionController.swift */ = {isa = PBXFileReference; fileEncoding = 4; lastKnownFileType = sourcecode.swift; path = TracksSectionController.swift; sourceTree = "<group>"; };
		C21C75681E94FE0400F1205C /* TrackCell.swift */ = {isa = PBXFileReference; fileEncoding = 4; lastKnownFileType = sourcecode.swift; path = TrackCell.swift; sourceTree = "<group>"; };
		C21C75691E94FE0400F1205C /* TrackCell.xib */ = {isa = PBXFileReference; fileEncoding = 4; lastKnownFileType = file.xib; path = TrackCell.xib; sourceTree = "<group>"; };
		C21C756C1E9546A600F1205C /* PlayerUtils.swift */ = {isa = PBXFileReference; fileEncoding = 4; lastKnownFileType = sourcecode.swift; path = PlayerUtils.swift; sourceTree = "<group>"; };
		C258E1D51E93608F00F5A22A /* BaseViewController.swift */ = {isa = PBXFileReference; fileEncoding = 4; lastKnownFileType = sourcecode.swift; path = BaseViewController.swift; sourceTree = "<group>"; };
		C267FCEF1E9CC04D000F5C8B /* MiniToMusicAnimator.swift */ = {isa = PBXFileReference; fileEncoding = 4; lastKnownFileType = sourcecode.swift; path = MiniToMusicAnimator.swift; sourceTree = "<group>"; };
		C267FCF11E9CE0B0000F5C8B /* NextControllerViewController.swift */ = {isa = PBXFileReference; fileEncoding = 4; lastKnownFileType = sourcecode.swift; path = NextControllerViewController.swift; sourceTree = "<group>"; };
		C267FCF21E9CE0B0000F5C8B /* NextControllerViewController.xib */ = {isa = PBXFileReference; fileEncoding = 4; lastKnownFileType = file.xib; path = NextControllerViewController.xib; sourceTree = "<group>"; };
		C267FCF51E9CED18000F5C8B /* MiniToMusicInteractor.swift */ = {isa = PBXFileReference; fileEncoding = 4; lastKnownFileType = sourcecode.swift; path = MiniToMusicInteractor.swift; sourceTree = "<group>"; };
		C29317AE1E97A8C000EC03D4 /* MulticastDelegate.swift */ = {isa = PBXFileReference; fileEncoding = 4; lastKnownFileType = sourcecode.swift; path = MulticastDelegate.swift; sourceTree = "<group>"; };
		C2AF50451E92D26F0096DEAD /* PlayerControlsView.xib */ = {isa = PBXFileReference; fileEncoding = 4; lastKnownFileType = file.xib; path = PlayerControlsView.xib; sourceTree = "<group>"; };
		C2AF50471E92E5720096DEAD /* PlayerControlsView.swift */ = {isa = PBXFileReference; fileEncoding = 4; lastKnownFileType = sourcecode.swift; path = PlayerControlsView.swift; sourceTree = "<group>"; };
		C2CB99191E9B601A0006E7B2 /* BaseAnimator.swift */ = {isa = PBXFileReference; fileEncoding = 4; lastKnownFileType = sourcecode.swift; path = BaseAnimator.swift; sourceTree = "<group>"; };
		C2D43DC11E97725500C161D1 /* MusicLayerController.swift */ = {isa = PBXFileReference; fileEncoding = 4; lastKnownFileType = sourcecode.swift; path = MusicLayerController.swift; sourceTree = "<group>"; };
		C2D43DC21E97725500C161D1 /* MusicLayerController.xib */ = {isa = PBXFileReference; fileEncoding = 4; lastKnownFileType = file.xib; path = MusicLayerController.xib; sourceTree = "<group>"; };
		D48A3EF9146C0E23B4A63F28 /* Pods-PodcastPlayer.release.xcconfig */ = {isa = PBXFileReference; includeInIndex = 1; lastKnownFileType = text.xcconfig; name = "Pods-PodcastPlayer.release.xcconfig"; path = "Pods/Target Support Files/Pods-PodcastPlayer/Pods-PodcastPlayer.release.xcconfig"; sourceTree = "<group>"; };
		F41A8632833E96FD680348F3 /* Pods-PodcastPlayer.debug.xcconfig */ = {isa = PBXFileReference; includeInIndex = 1; lastKnownFileType = text.xcconfig; name = "Pods-PodcastPlayer.debug.xcconfig"; path = "Pods/Target Support Files/Pods-PodcastPlayer/Pods-PodcastPlayer.debug.xcconfig"; sourceTree = "<group>"; };
/* End PBXFileReference section */

/* Begin PBXFrameworksBuildPhase section */
		C204DC441E921B9400972FDA /* Frameworks */ = {
			isa = PBXFrameworksBuildPhase;
			buildActionMask = 2147483647;
			files = (
				8EFB841893B96DEB668533A6 /* Pods_PodcastPlayer.framework in Frameworks */,
			);
			runOnlyForDeploymentPostprocessing = 0;
		};
/* End PBXFrameworksBuildPhase section */

/* Begin PBXGroup section */
		1D5D0FAF1E92561B00B2DA32 /* PlayerToolbar */ = {
			isa = PBXGroup;
			children = (
				1D5D0FB01E92577D00B2DA32 /* PlayerToolbar.xib */,
				1D5D0FB21E92658F00B2DA32 /* PlayerToolbar.swift */,
			);
			name = PlayerToolbar;
			sourceTree = "<group>";
		};
		382F093B9399B35EDA083296 /* Frameworks */ = {
			isa = PBXGroup;
			children = (
				00DFC7CB9287ED36916B2FB6 /* Pods_PodcastPlayer.framework */,
			);
			name = Frameworks;
			sourceTree = "<group>";
		};
		72F2349CE79CF5AEF6260B23 /* Pods */ = {
			isa = PBXGroup;
			children = (
				F41A8632833E96FD680348F3 /* Pods-PodcastPlayer.debug.xcconfig */,
				D48A3EF9146C0E23B4A63F28 /* Pods-PodcastPlayer.release.xcconfig */,
			);
			name = Pods;
			sourceTree = "<group>";
		};
		C204DC3E1E921B9400972FDA = {
			isa = PBXGroup;
			children = (
				C204DC491E921B9500972FDA /* PodcastPlayer */,
				C204DC481E921B9500972FDA /* Products */,
				72F2349CE79CF5AEF6260B23 /* Pods */,
				382F093B9399B35EDA083296 /* Frameworks */,
			);
			sourceTree = "<group>";
		};
		C204DC481E921B9500972FDA /* Products */ = {
			isa = PBXGroup;
			children = (
				C204DC471E921B9500972FDA /* PodcastPlayer.app */,
			);
			name = Products;
			sourceTree = "<group>";
		};
		C204DC491E921B9500972FDA /* PodcastPlayer */ = {
			isa = PBXGroup;
			children = (
				1D5D0FAF1E92561B00B2DA32 /* PlayerToolbar */,
				C204DC4A1E921B9500972FDA /* AppDelegate.swift */,
				C2CB99181E9B60060006E7B2 /* Animator */,
				C2CB99171E9B5FCA0006E7B2 /* ViewControllers */,
				C2CB99151E9B5F1E0006E7B2 /* Models */,
				C21C756C1E9546A600F1205C /* PlayerUtils.swift */,
				C2AF50451E92D26F0096DEAD /* PlayerControlsView.xib */,
				C2AF50471E92E5720096DEAD /* PlayerControlsView.swift */,
				C2CB99161E9B5F9F0006E7B2 /* Cells */,
				C204DC4E1E921B9500972FDA /* Main.storyboard */,
				C204DC541E921B9500972FDA /* Assets.xcassets */,
				C204DC561E921B9500972FDA /* LaunchScreen.storyboard */,
				C204DC591E921B9500972FDA /* Info.plist */,
				C204DC511E921B9500972FDA /* PodcastPlayer.xcdatamodeld */,
			);
			path = PodcastPlayer;
			sourceTree = "<group>";
		};
		C2CB99151E9B5F1E0006E7B2 /* Models */ = {
			isa = PBXGroup;
			children = (
				C21C75661E94F60900F1205C /* TracksSectionController.swift */,
				C204DC611E922C8E00972FDA /* QTGlobalInstance.swift */,
				C204DC5F1E921CA000972FDA /* PlayerManager.swift */,
				C29317AE1E97A8C000EC03D4 /* MulticastDelegate.swift */,
				C21C75621E94E7A900F1205C /* TrackDiffableExtension.swift */,
				C21C75641E94E94200F1205C /* TrackWrapper.swift */,
			);
			name = Models;
			sourceTree = "<group>";
		};
		C2CB99161E9B5F9F0006E7B2 /* Cells */ = {
			isa = PBXGroup;
			children = (
				C21C75681E94FE0400F1205C /* TrackCell.swift */,
				C21C75691E94FE0400F1205C /* TrackCell.xib */,
			);
			name = Cells;
			sourceTree = "<group>";
		};
		C2CB99171E9B5FCA0006E7B2 /* ViewControllers */ = {
			isa = PBXGroup;
			children = (
				C204DC4C1E921B9500972FDA /* ViewController.swift */,
				C2D43DC11E97725500C161D1 /* MusicLayerController.swift */,
				C2D43DC21E97725500C161D1 /* MusicLayerController.xib */,
				C204DC671E92409B00972FDA /* PodcastPlayerViewController.swift */,
				C204DC681E92409B00972FDA /* PodcastPlayerViewController.xib */,
				C258E1D51E93608F00F5A22A /* BaseViewController.swift */,
				C267FCF11E9CE0B0000F5C8B /* NextControllerViewController.swift */,
				C267FCF21E9CE0B0000F5C8B /* NextControllerViewController.xib */,
			);
			name = ViewControllers;
			sourceTree = "<group>";
		};
		C2CB99181E9B60060006E7B2 /* Animator */ = {
			isa = PBXGroup;
			children = (
				C2CB99191E9B601A0006E7B2 /* BaseAnimator.swift */,
				C267FCEF1E9CC04D000F5C8B /* MiniToMusicAnimator.swift */,
				C267FCF51E9CED18000F5C8B /* MiniToMusicInteractor.swift */,
			);
			name = Animator;
			sourceTree = "<group>";
		};
/* End PBXGroup section */

/* Begin PBXNativeTarget section */
		C204DC461E921B9400972FDA /* PodcastPlayer */ = {
			isa = PBXNativeTarget;
			buildConfigurationList = C204DC5C1E921B9500972FDA /* Build configuration list for PBXNativeTarget "PodcastPlayer" */;
			buildPhases = (
				315F6A7B1C831F1FCEE6F052 /* [CP] Check Pods Manifest.lock */,
				C204DC431E921B9400972FDA /* Sources */,
				C204DC441E921B9400972FDA /* Frameworks */,
				C204DC451E921B9400972FDA /* Resources */,
				9079821F3B1EC4E17AD7E4D9 /* [CP] Embed Pods Frameworks */,
				CBFA67D8F3082BA5D5D3F3FE /* [CP] Copy Pods Resources */,
			);
			buildRules = (
			);
			dependencies = (
			);
			name = PodcastPlayer;
			productName = PodcastPlayer;
			productReference = C204DC471E921B9500972FDA /* PodcastPlayer.app */;
			productType = "com.apple.product-type.application";
		};
/* End PBXNativeTarget section */

/* Begin PBXProject section */
		C204DC3F1E921B9400972FDA /* Project object */ = {
			isa = PBXProject;
			attributes = {
				LastSwiftUpdateCheck = 0820;
				LastUpgradeCheck = 0820;
				ORGANIZATIONNAME = "Arjun P A";
				TargetAttributes = {
					C204DC461E921B9400972FDA = {
						CreatedOnToolsVersion = 8.2.1;
						DevelopmentTeam = B43HBN3RLJ;
						ProvisioningStyle = Automatic;
						SystemCapabilities = {
							com.apple.BackgroundModes = {
								enabled = 1;
							};
						};
					};
				};
			};
			buildConfigurationList = C204DC421E921B9400972FDA /* Build configuration list for PBXProject "PodcastPlayer" */;
			compatibilityVersion = "Xcode 3.2";
			developmentRegion = English;
			hasScannedForEncodings = 0;
			knownRegions = (
				en,
				Base,
			);
			mainGroup = C204DC3E1E921B9400972FDA;
			productRefGroup = C204DC481E921B9500972FDA /* Products */;
			projectDirPath = "";
			projectRoot = "";
			targets = (
				C204DC461E921B9400972FDA /* PodcastPlayer */,
			);
		};
/* End PBXProject section */

/* Begin PBXResourcesBuildPhase section */
		C204DC451E921B9400972FDA /* Resources */ = {
			isa = PBXResourcesBuildPhase;
			buildActionMask = 2147483647;
			files = (
				1D5D0FB11E92577D00B2DA32 /* PlayerToolbar.xib in Resources */,
				C204DC581E921B9500972FDA /* LaunchScreen.storyboard in Resources */,
				C2AF50461E92D26F0096DEAD /* PlayerControlsView.xib in Resources */,
				C267FCF41E9CE0B1000F5C8B /* NextControllerViewController.xib in Resources */,
				C2D43DC41E97725500C161D1 /* MusicLayerController.xib in Resources */,
				C21C756B1E94FE0500F1205C /* TrackCell.xib in Resources */,
				C204DC551E921B9500972FDA /* Assets.xcassets in Resources */,
				C204DC6A1E92409B00972FDA /* PodcastPlayerViewController.xib in Resources */,
				C204DC501E921B9500972FDA /* Main.storyboard in Resources */,
			);
			runOnlyForDeploymentPostprocessing = 0;
		};
/* End PBXResourcesBuildPhase section */

/* Begin PBXShellScriptBuildPhase section */
		315F6A7B1C831F1FCEE6F052 /* [CP] Check Pods Manifest.lock */ = {
			isa = PBXShellScriptBuildPhase;
			buildActionMask = 2147483647;
			files = (
			);
			inputPaths = (
			);
			name = "[CP] Check Pods Manifest.lock";
			outputPaths = (
			);
			runOnlyForDeploymentPostprocessing = 0;
			shellPath = /bin/sh;
			shellScript = "diff \"${PODS_ROOT}/../Podfile.lock\" \"${PODS_ROOT}/Manifest.lock\" > /dev/null\nif [ $? != 0 ] ; then\n    # print error to STDERR\n    echo \"error: The sandbox is not in sync with the Podfile.lock. Run 'pod install' or update your CocoaPods installation.\" >&2\n    exit 1\nfi\n";
			showEnvVarsInLog = 0;
		};
		9079821F3B1EC4E17AD7E4D9 /* [CP] Embed Pods Frameworks */ = {
			isa = PBXShellScriptBuildPhase;
			buildActionMask = 2147483647;
			files = (
			);
			inputPaths = (
			);
			name = "[CP] Embed Pods Frameworks";
			outputPaths = (
			);
			runOnlyForDeploymentPostprocessing = 0;
			shellPath = /bin/sh;
			shellScript = "\"${SRCROOT}/Pods/Target Support Files/Pods-PodcastPlayer/Pods-PodcastPlayer-frameworks.sh\"\n";
			showEnvVarsInLog = 0;
		};
		CBFA67D8F3082BA5D5D3F3FE /* [CP] Copy Pods Resources */ = {
			isa = PBXShellScriptBuildPhase;
			buildActionMask = 2147483647;
			files = (
			);
			inputPaths = (
			);
			name = "[CP] Copy Pods Resources";
			outputPaths = (
			);
			runOnlyForDeploymentPostprocessing = 0;
			shellPath = /bin/sh;
			shellScript = "\"${SRCROOT}/Pods/Target Support Files/Pods-PodcastPlayer/Pods-PodcastPlayer-resources.sh\"\n";
			showEnvVarsInLog = 0;
		};
/* End PBXShellScriptBuildPhase section */

/* Begin PBXSourcesBuildPhase section */
		C204DC431E921B9400972FDA /* Sources */ = {
			isa = PBXSourcesBuildPhase;
			buildActionMask = 2147483647;
			files = (
				1D5D0FB31E92658F00B2DA32 /* PlayerToolbar.swift in Sources */,
				C21C75651E94E94200F1205C /* TrackWrapper.swift in Sources */,
				C204DC691E92409B00972FDA /* PodcastPlayerViewController.swift in Sources */,
				C2D43DC31E97725500C161D1 /* MusicLayerController.swift in Sources */,
				C21C756A1E94FE0500F1205C /* TrackCell.swift in Sources */,
				C204DC4D1E921B9500972FDA /* ViewController.swift in Sources */,
				C2CB991A1E9B601A0006E7B2 /* BaseAnimator.swift in Sources */,
				C2AF50481E92E5720096DEAD /* PlayerControlsView.swift in Sources */,
				C204DC4B1E921B9500972FDA /* AppDelegate.swift in Sources */,
				C204DC601E921CA000972FDA /* PlayerManager.swift in Sources */,
				C21C756D1E9546A600F1205C /* PlayerUtils.swift in Sources */,
				C258E1D61E93608F00F5A22A /* BaseViewController.swift in Sources */,
				C267FCF31E9CE0B0000F5C8B /* NextControllerViewController.swift in Sources */,
				C267FCF01E9CC04D000F5C8B /* MiniToMusicAnimator.swift in Sources */,
				C267FCF61E9CED18000F5C8B /* MiniToMusicInteractor.swift in Sources */,
				C204DC621E922C8E00972FDA /* QTGlobalInstance.swift in Sources */,
				C21C75631E94E7A900F1205C /* TrackDiffableExtension.swift in Sources */,
				C204DC531E921B9500972FDA /* PodcastPlayer.xcdatamodeld in Sources */,
				C21C75671E94F60900F1205C /* TracksSectionController.swift in Sources */,
				C29317AF1E97A8C000EC03D4 /* MulticastDelegate.swift in Sources */,
			);
			runOnlyForDeploymentPostprocessing = 0;
		};
/* End PBXSourcesBuildPhase section */

/* Begin PBXVariantGroup section */
		C204DC4E1E921B9500972FDA /* Main.storyboard */ = {
			isa = PBXVariantGroup;
			children = (
				C204DC4F1E921B9500972FDA /* Base */,
			);
			name = Main.storyboard;
			sourceTree = "<group>";
		};
		C204DC561E921B9500972FDA /* LaunchScreen.storyboard */ = {
			isa = PBXVariantGroup;
			children = (
				C204DC571E921B9500972FDA /* Base */,
			);
			name = LaunchScreen.storyboard;
			sourceTree = "<group>";
		};
/* End PBXVariantGroup section */

/* Begin XCBuildConfiguration section */
		C204DC5A1E921B9500972FDA /* Debug */ = {
			isa = XCBuildConfiguration;
			buildSettings = {
				ALWAYS_SEARCH_USER_PATHS = NO;
				CLANG_ANALYZER_NONNULL = YES;
				CLANG_CXX_LANGUAGE_STANDARD = "gnu++0x";
				CLANG_CXX_LIBRARY = "libc++";
				CLANG_ENABLE_MODULES = YES;
				CLANG_ENABLE_OBJC_ARC = YES;
				CLANG_WARN_BOOL_CONVERSION = YES;
				CLANG_WARN_CONSTANT_CONVERSION = YES;
				CLANG_WARN_DIRECT_OBJC_ISA_USAGE = YES_ERROR;
				CLANG_WARN_DOCUMENTATION_COMMENTS = YES;
				CLANG_WARN_EMPTY_BODY = YES;
				CLANG_WARN_ENUM_CONVERSION = YES;
				CLANG_WARN_INFINITE_RECURSION = YES;
				CLANG_WARN_INT_CONVERSION = YES;
				CLANG_WARN_OBJC_ROOT_CLASS = YES_ERROR;
				CLANG_WARN_SUSPICIOUS_MOVE = YES;
				CLANG_WARN_UNREACHABLE_CODE = YES;
				CLANG_WARN__DUPLICATE_METHOD_MATCH = YES;
				"CODE_SIGN_IDENTITY[sdk=iphoneos*]" = "iPhone Developer";
				COPY_PHASE_STRIP = NO;
				DEBUG_INFORMATION_FORMAT = dwarf;
				ENABLE_STRICT_OBJC_MSGSEND = YES;
				ENABLE_TESTABILITY = YES;
				GCC_C_LANGUAGE_STANDARD = gnu99;
				GCC_DYNAMIC_NO_PIC = NO;
				GCC_NO_COMMON_BLOCKS = YES;
				GCC_OPTIMIZATION_LEVEL = 0;
				GCC_PREPROCESSOR_DEFINITIONS = (
					"DEBUG=1",
					"$(inherited)",
				);
				GCC_WARN_64_TO_32_BIT_CONVERSION = YES;
				GCC_WARN_ABOUT_RETURN_TYPE = YES_ERROR;
				GCC_WARN_UNDECLARED_SELECTOR = YES;
				GCC_WARN_UNINITIALIZED_AUTOS = YES_AGGRESSIVE;
				GCC_WARN_UNUSED_FUNCTION = YES;
				GCC_WARN_UNUSED_VARIABLE = YES;
				IPHONEOS_DEPLOYMENT_TARGET = 10.2;
				MTL_ENABLE_DEBUG_INFO = YES;
				ONLY_ACTIVE_ARCH = YES;
				SDKROOT = iphoneos;
				SWIFT_ACTIVE_COMPILATION_CONDITIONS = DEBUG;
				SWIFT_OPTIMIZATION_LEVEL = "-Onone";
			};
			name = Debug;
		};
		C204DC5B1E921B9500972FDA /* Release */ = {
			isa = XCBuildConfiguration;
			buildSettings = {
				ALWAYS_SEARCH_USER_PATHS = NO;
				CLANG_ANALYZER_NONNULL = YES;
				CLANG_CXX_LANGUAGE_STANDARD = "gnu++0x";
				CLANG_CXX_LIBRARY = "libc++";
				CLANG_ENABLE_MODULES = YES;
				CLANG_ENABLE_OBJC_ARC = YES;
				CLANG_WARN_BOOL_CONVERSION = YES;
				CLANG_WARN_CONSTANT_CONVERSION = YES;
				CLANG_WARN_DIRECT_OBJC_ISA_USAGE = YES_ERROR;
				CLANG_WARN_DOCUMENTATION_COMMENTS = YES;
				CLANG_WARN_EMPTY_BODY = YES;
				CLANG_WARN_ENUM_CONVERSION = YES;
				CLANG_WARN_INFINITE_RECURSION = YES;
				CLANG_WARN_INT_CONVERSION = YES;
				CLANG_WARN_OBJC_ROOT_CLASS = YES_ERROR;
				CLANG_WARN_SUSPICIOUS_MOVE = YES;
				CLANG_WARN_UNREACHABLE_CODE = YES;
				CLANG_WARN__DUPLICATE_METHOD_MATCH = YES;
				"CODE_SIGN_IDENTITY[sdk=iphoneos*]" = "iPhone Developer";
				COPY_PHASE_STRIP = NO;
				DEBUG_INFORMATION_FORMAT = "dwarf-with-dsym";
				ENABLE_NS_ASSERTIONS = NO;
				ENABLE_STRICT_OBJC_MSGSEND = YES;
				GCC_C_LANGUAGE_STANDARD = gnu99;
				GCC_NO_COMMON_BLOCKS = YES;
				GCC_WARN_64_TO_32_BIT_CONVERSION = YES;
				GCC_WARN_ABOUT_RETURN_TYPE = YES_ERROR;
				GCC_WARN_UNDECLARED_SELECTOR = YES;
				GCC_WARN_UNINITIALIZED_AUTOS = YES_AGGRESSIVE;
				GCC_WARN_UNUSED_FUNCTION = YES;
				GCC_WARN_UNUSED_VARIABLE = YES;
				IPHONEOS_DEPLOYMENT_TARGET = 10.2;
				MTL_ENABLE_DEBUG_INFO = NO;
				SDKROOT = iphoneos;
				SWIFT_OPTIMIZATION_LEVEL = "-Owholemodule";
				VALIDATE_PRODUCT = YES;
			};
			name = Release;
		};
		C204DC5D1E921B9500972FDA /* Debug */ = {
			isa = XCBuildConfiguration;
			baseConfigurationReference = F41A8632833E96FD680348F3 /* Pods-PodcastPlayer.debug.xcconfig */;
			buildSettings = {
				ASSETCATALOG_COMPILER_APPICON_NAME = AppIcon;
				DEVELOPMENT_TEAM = B43HBN3RLJ;
				INFOPLIST_FILE = PodcastPlayer/Info.plist;
				LD_RUNPATH_SEARCH_PATHS = "$(inherited) @executable_path/Frameworks";
				PRODUCT_BUNDLE_IDENTIFIER = com.arjun.PodcastPlayer;
				PRODUCT_NAME = "$(TARGET_NAME)";
				SWIFT_VERSION = 3.0;
			};
			name = Debug;
		};
		C204DC5E1E921B9500972FDA /* Release */ = {
			isa = XCBuildConfiguration;
			baseConfigurationReference = D48A3EF9146C0E23B4A63F28 /* Pods-PodcastPlayer.release.xcconfig */;
			buildSettings = {
				ASSETCATALOG_COMPILER_APPICON_NAME = AppIcon;
				DEVELOPMENT_TEAM = B43HBN3RLJ;
				INFOPLIST_FILE = PodcastPlayer/Info.plist;
				LD_RUNPATH_SEARCH_PATHS = "$(inherited) @executable_path/Frameworks";
				PRODUCT_BUNDLE_IDENTIFIER = com.arjun.PodcastPlayer;
				PRODUCT_NAME = "$(TARGET_NAME)";
				SWIFT_VERSION = 3.0;
			};
			name = Release;
		};
/* End XCBuildConfiguration section */

/* Begin XCConfigurationList section */
		C204DC421E921B9400972FDA /* Build configuration list for PBXProject "PodcastPlayer" */ = {
			isa = XCConfigurationList;
			buildConfigurations = (
				C204DC5A1E921B9500972FDA /* Debug */,
				C204DC5B1E921B9500972FDA /* Release */,
			);
			defaultConfigurationIsVisible = 0;
			defaultConfigurationName = Release;
		};
		C204DC5C1E921B9500972FDA /* Build configuration list for PBXNativeTarget "PodcastPlayer" */ = {
			isa = XCConfigurationList;
			buildConfigurations = (
				C204DC5D1E921B9500972FDA /* Debug */,
				C204DC5E1E921B9500972FDA /* Release */,
			);
			defaultConfigurationIsVisible = 0;
			defaultConfigurationName = Release;
		};
/* End XCConfigurationList section */

/* Begin XCVersionGroup section */
		C204DC511E921B9500972FDA /* PodcastPlayer.xcdatamodeld */ = {
			isa = XCVersionGroup;
			children = (
				C204DC521E921B9500972FDA /* PodcastPlayer.xcdatamodel */,
			);
			currentVersion = C204DC521E921B9500972FDA /* PodcastPlayer.xcdatamodel */;
			path = PodcastPlayer.xcdatamodeld;
			sourceTree = "<group>";
			versionGroupType = wrapper.xcdatamodel;
		};
/* End XCVersionGroup section */
	};
	rootObject = C204DC3F1E921B9400972FDA /* Project object */;
}
